{
    "version": "0.0.1",
    "lockfileVersion": 1,
    "requires": true,
    "dependencies": {
        "@polymer/font-roboto": {
            "version": "3.0.0-pre.21",
            "resolved": "https://registry.npmjs.org/@polymer/font-roboto/-/font-roboto-3.0.0-pre.21.tgz",
            "integrity": "sha512-1DnYDaoyTeSmZzocj7jhHS8tM1j+FJNTrMEOyudLKF8sqGzmlz48XyMRbt4RL4pO9szz5vJ8xhS+4WUPHFj9OA==",
            "dev": true
        },
        "@polymer/iron-demo-helpers": {
            "version": "3.0.0-pre.21",
            "resolved": "https://registry.npmjs.org/@polymer/iron-demo-helpers/-/iron-demo-helpers-3.0.0-pre.21.tgz",
            "integrity": "sha512-hkc6vNAMBbScLuntRpff1IkeMKIPa1SKNRhhBxaO/T16u+KTuMs7e/i9XJodXPBUQEyzlaZa7qc5GXU3oeTrxw==",
            "dev": true,
            "requires": {
                "@polymer/font-roboto": "3.0.0-pre.21",
                "@polymer/iron-flex-layout": "3.0.0-pre.21",
                "@polymer/iron-location": "3.0.0-pre.21",
                "@polymer/marked-element": "3.0.0-pre.21",
                "@polymer/polymer": "3.0.5",
                "@polymer/prism-element": "3.0.0-pre.21"
            }
        },
        "@polymer/iron-flex-layout": {
            "version": "3.0.0-pre.21",
            "resolved": "https://registry.npmjs.org/@polymer/iron-flex-layout/-/iron-flex-layout-3.0.0-pre.21.tgz",
            "integrity": "sha512-/GFBWLBhpzycXmdyS+rzQxCa/ssCX5ZGEa0M/oMRsUK/hUKrj/XBNNYZ3BlyHf2NHELNqnwZLcIZB5EPjA0uwg==",
            "dev": true,
            "requires": {
                "@polymer/polymer": "3.0.5"
            }
        },
        "@polymer/iron-location": {
            "version": "3.0.0-pre.21",
            "resolved": "https://registry.npmjs.org/@polymer/iron-location/-/iron-location-3.0.0-pre.21.tgz",
            "integrity": "sha512-NIAAGKkvUkfkVg3lge4r66WdcTXTZfhNwADWwh5REcM5rubqMWb6PKb+K/6bumDEODYtI5waL3ewOeFMdONUHA==",
            "dev": true,
            "requires": {
                "@polymer/polymer": "3.0.5"
            }
        },
        "@polymer/lit-element": {
            "version": "0.5.2",
            "resolved": "https://registry.npmjs.org/@polymer/lit-element/-/lit-element-0.5.2.tgz",
            "integrity": "sha512-7v/UlqVO05YuFCxxtC7jpuMQuDiPxArO7gACHqZ3uFd9/BM9YTdktX3bKRTnKTFUaPuNWWoPGvpAe2WOQCH2Pw==",
            "requires": {
                "@polymer/polymer": "3.0.5",
                "lit-html": "0.10.2"
            }
        },
        "@polymer/marked-element": {
            "version": "3.0.0-pre.21",
            "resolved": "https://registry.npmjs.org/@polymer/marked-element/-/marked-element-3.0.0-pre.21.tgz",
            "integrity": "sha512-7DlbJb/l/M87heHvj8lmK6P02fUpoMZLIe6GxbqQscH0uvDtHTyM7topu1hBt0pg0V7wkgC5KInZteftMQSPeQ==",
            "dev": true,
            "requires": {
                "@polymer/polymer": "3.0.5",
                "marked": "0.3.19"
            }
        },
        "@polymer/polymer": {
            "version": "3.0.5",
            "resolved": "https://registry.npmjs.org/@polymer/polymer/-/polymer-3.0.5.tgz",
            "integrity": "sha512-Zbmhtr5vZ3NoHWwFYLKI4ff7yfE6DZopI8vaS7HvmUIuNqsv/EpEDXfNEYjqePQmkMX5LU9OIKV1eX/+9aveow==",
            "requires": {
                "@webcomponents/shadycss": "1.4.0"
            }
        },
        "@polymer/prism-element": {
            "version": "3.0.0-pre.21",
            "resolved": "https://registry.npmjs.org/@polymer/prism-element/-/prism-element-3.0.0-pre.21.tgz",
            "integrity": "sha512-8ZvgyrVncOOy9EoGIBAdgBTaPVfu4Vg0fHsBOQ9qCpGXYOU+033G9hgrHgNyWKNR1VGmdVEhztTvNIGqH9KzQA==",
            "dev": true,
            "requires": {
                "@polymer/polymer": "3.0.5",
                "prismjs": "1.15.0"
            }
        },
        "@rhi-ui/demo-snippet": {
            "version": "1.0.1",
            "resolved": "https://registry.npmjs.org/@rhi-ui/demo-snippet/-/demo-snippet-1.0.1.tgz",
            "integrity": "sha512-HOdacBDHu3iaXI9fKSIRUvorvIERtKcilex5hwBNggyZcbMrv7qccnx8m1EAKK1A6yEYhjxEEbHlNpJZ0trASQ==",
            "requires": {
                "@polymer/lit-element": "0.5.2",
                "@polymer/polymer": "3.0.5",
                "@webcomponents/webcomponentsjs": "2.0.4"
            }
        },
        "@rhi-ui/markdown-viewer": {
            "version": "1.0.1",
            "resolved": "https://registry.npmjs.org/@rhi-ui/markdown-viewer/-/markdown-viewer-1.0.1.tgz",
            "integrity": "sha512-rtNyilJ+FBfd84vNrgbzW8PRsqySdKrgNV/RAk/VNav8EUz4Lbm1ccuaBYUaFpDdNYHKNWLS8dD32t+lelXY4g==",
            "requires": {
                "@polymer/lit-element": "0.5.2",
                "@polymer/polymer": "3.0.5",
                "@webcomponents/webcomponentsjs": "2.0.4"
            }
        },
        "@webcomponents/shadycss": {
            "version": "1.4.0",
            "resolved": "https://registry.npmjs.org/@webcomponents/shadycss/-/shadycss-1.4.0.tgz",
            "integrity": "sha512-/OK+M06S9YbnTXAHm1QtHhONo0msBej/V84x3ZpSV+sJa1jp/FfOv0mW0IWdluU94QlVrPnJxK2t+Czggfivig=="
        },
        "@webcomponents/webcomponentsjs": {
            "version": "2.0.4",
            "resolved": "https://registry.npmjs.org/@webcomponents/webcomponentsjs/-/webcomponentsjs-2.0.4.tgz",
            "integrity": "sha512-wzPSTmwjAd/0oKW36Yi+cB/BmDrHhcHqGlbqqMjrbPIFkt5Mw7wtvEZQouCrQyBNnRquUhRnSWIBrRijHNBBKg=="
        },
        "clipboard": {
            "version": "2.0.1",
            "resolved": "https://registry.npmjs.org/clipboard/-/clipboard-2.0.1.tgz",
            "integrity": "sha512-7yhQBmtN+uYZmfRjjVjKa0dZdWuabzpSKGtyQZN+9C8xlC788SSJjOHWh7tzurfwTqTD5UDYAhIv5fRJg3sHjQ==",
            "dev": true,
            "optional": true,
            "requires": {
                "good-listener": "1.2.2",
                "select": "1.1.2",
                "tiny-emitter": "2.0.2"
            }
        },
        "delegate": {
            "version": "3.2.0",
            "resolved": "https://registry.npmjs.org/delegate/-/delegate-3.2.0.tgz",
            "integrity": "sha512-IofjkYBZaZivn0V8nnsMJGBr4jVLxHDheKSW88PyxS5QC4Vo9ZbZVvhzlSxY87fVq3STR6r+4cGepyHkcWOQSw==",
            "dev": true,
            "optional": true
        },
        "good-listener": {
            "version": "1.2.2",
            "resolved": "https://registry.npmjs.org/good-listener/-/good-listener-1.2.2.tgz",
            "integrity": "sha1-1TswzfkxPf+33JoNR3CWqm0UXFA=",
            "dev": true,
            "optional": true,
            "requires": {
                "delegate": "3.2.0"
            }
        },
        "lit-html": {
            "version": "0.10.2",
            "resolved": "https://registry.npmjs.org/lit-html/-/lit-html-0.10.2.tgz",
            "integrity": "sha512-ue0pIX3Fj5gUsNSozdRQIb1MAgNqFQsHgvHE/FU34xyu9NN/af3EISr7Bb+vP9YeLXIA4vLLOoYp2Z22dVYhww=="
        },
        "marked": {
            "version": "0.3.19",
            "resolved": "https://registry.npmjs.org/marked/-/marked-0.3.19.tgz",
            "integrity": "sha512-ea2eGWOqNxPcXv8dyERdSr/6FmzvWwzjMxpfGB/sbMccXoct+xY+YukPD+QTUZwyvK7BZwcr4m21WBOW41pAkg==",
            "dev": true
        },
        "prismjs": {
            "version": "1.15.0",
            "resolved": "https://registry.npmjs.org/prismjs/-/prismjs-1.15.0.tgz",
            "integrity": "sha512-Lf2JrFYx8FanHrjoV5oL8YHCclLQgbJcVZR+gikGGMqz6ub5QVWDTM6YIwm3BuPxM/LOV+rKns3LssXNLIf+DA==",
            "dev": true,
            "requires": {
                "clipboard": "2.0.1"
            }
        },
        "select": {
            "version": "1.1.2",
            "resolved": "https://registry.npmjs.org/select/-/select-1.1.2.tgz",
            "integrity": "sha1-DnNQrN7ICxEIUoeG7B1EGNEbOW0=",
            "dev": true,
            "optional": true
        },
        "tiny-emitter": {
            "version": "2.0.2",
            "resolved": "https://registry.npmjs.org/tiny-emitter/-/tiny-emitter-2.0.2.tgz",
            "integrity": "sha512-2NM0auVBGft5tee/OxP4PI3d8WItkDM+fPnaRAVo6xTDI2knbz9eC5ArWGqtGlYqiH3RU5yMpdyTTO7MguC4ow==",
            "dev": true,
            "optional": true
        },
        "typescript": {
            "version": "3.0.1",
            "resolved": "https://registry.npmjs.org/typescript/-/typescript-3.0.1.tgz",
            "integrity": "sha512-zQIMOmC+372pC/CCVLqnQ0zSBiY7HHodU7mpQdjiZddek4GMj31I3dUJ7gAs9o65X7mnRma6OokOkc6f9jjfBg==",
            "dev": true
        }
    }
}
